
Microsoft Visual Studio Solution File, Format Version 12.00
# Visual Studio Version 16
VisualStudioVersion = 16.0.32106.194
MinimumVisualStudioVersion = 10.0.40219.1
Project("{FAE04EC0-301F-11D3-BF4B-00C04F79EFBC}") = "WebHotel", "WebHotel.csproj", "{C223BC9A-0313-428E-9384-5D53CA355402}"
EndProject
Global
	GlobalSection(SolutionConfigurationPlatforms) = preSolution
		Debug|Any CPU = Debug|Any CPU
		Release|Any CPU = Release|Any CPU
	EndGlobalSection
	GlobalSection(ProjectConfigurationPlatforms) = postSolution
		{C223BC9A-0313-428E-9384-5D53CA355402}.Debug|Any CPU.ActiveCfg = Debug|Any CPU
		{C223BC9A-0313-428E-9384-5D53CA355402}.Debug|Any CPU.Build.0 = Debug|Any CPU
		{C223BC9A-0313-428E-9384-5D53CA355402}.Release|Any CPU.ActiveCfg = Release|Any CPU
		{C223BC9A-0313-428E-9384-5D53CA355402}.Release|Any CPU.Build.0 = Release|Any CPU
	EndGlobalSection
	GlobalSection(SolutionProperties) = preSolution
		HideSolutionNode = FALSE
	EndGlobalSection
	GlobalSection(ExtensibilityGlobals) = postSolution
		SolutionGuid = {9A321726-6546-4098-8BAE-3BF0603AC369}
	EndGlobalSection
EndGlobal
